// !$*UTF8*$!
{
	archiveVersion = 1;
	classes = {
	};
	objectVersion = 55;
	objects = {

/* Begin PBXBuildFile section */
		019E93D1985E327AD64E4AC8 /* Basket.framework in Frameworks */ = {isa = PBXBuildFile; fileRef = FA47771533C4ED121738C1D6 /* Basket.framework */; };
		03E4CE732B88D8BA02867F88 /* MainScreenViewState.swift in Sources */ = {isa = PBXBuildFile; fileRef = A2A989D1BF7FEA319A8090F3 /* MainScreenViewState.swift */; };
		05B08E27E1A30B3888630F13 /* AllProductsAssembly.swift in Sources */ = {isa = PBXBuildFile; fileRef = 48EC8B81F7D169D661EF704B /* AllProductsAssembly.swift */; };
		064E09EA1CDFD987925AD616 /* DLCore.framework in Frameworks */ = {isa = PBXBuildFile; fileRef = E336A5EFBAD39E2816D3088D /* DLCore.framework */; };
		095860F20883AFE66D2C5004 /* AnyMainCoordinator.swift in Sources */ = {isa = PBXBuildFile; fileRef = 44CDF2CD3EFFFE593A5B98F8 /* AnyMainCoordinator.swift */; };
		0A3F3F0D60373DBF072A9709 /* SharedContractsInterface.framework in Frameworks */ = {isa = PBXBuildFile; fileRef = 4B702A1E8F0B3DDA22DF288F /* SharedContractsInterface.framework */; };
		0BB5B849CF56E614C90FC945 /* MainInterface.framework in Dependencies */ = {isa = PBXBuildFile; fileRef = 5DAFDE9CE53AE4BD0C59F8CF /* MainInterface.framework */; };
		0D790CFD397FC0AF0467E981 /* AnyMainScreenFactory.swift in Sources */ = {isa = PBXBuildFile; fileRef = 203914AC59B3F4DF500C300A /* AnyMainScreenFactory.swift */; };
		10222DC92289BCD6EA1C1EA1 /* BannerServiceInterface.framework in Dependencies */ = {isa = PBXBuildFile; fileRef = 20F8202842DDE0CB8962B6C2 /* BannerServiceInterface.framework */; };
		10AACA9878D805B248C9DCBD /* BannerServiceInterface.framework in Frameworks */ = {isa = PBXBuildFile; fileRef = 20F8202842DDE0CB8962B6C2 /* BannerServiceInterface.framework */; };
		111CB6F9B4F21125E6D0D02E /* MainRoute.swift in Sources */ = {isa = PBXBuildFile; fileRef = 9874BC4F4AAE79B1F7FD5EEA /* MainRoute.swift */; };
		124944CD30BB92AEA3DF6D9C /* AuthServiceInterface.framework in Frameworks */ = {isa = PBXBuildFile; fileRef = 8922BBB3010F5CE37FF8C23E /* AuthServiceInterface.framework */; };
		14BCFE5FF8627631750722D1 /* SharedUserStories.framework in Dependencies */ = {isa = PBXBuildFile; fileRef = 20FE31E383DB8130CFDF1B97 /* SharedUserStories.framework */; };
		157A2377F584E61579FED50C /* Coordinator.framework in Dependencies */ = {isa = PBXBuildFile; fileRef = D63884C2B7D3BB702D321698 /* Coordinator.framework */; };
		23C82D96BF5C039294AAF4F5 /* SharedUserStories.framework in Dependencies */ = {isa = PBXBuildFile; fileRef = 20FE31E383DB8130CFDF1B97 /* SharedUserStories.framework */; };
		317403EBB80B99AE10C919AF /* CartServiceInterface.framework in Frameworks */ = {isa = PBXBuildFile; fileRef = A99764D17B59D3DE46D279F5 /* CartServiceInterface.framework */; };
		33DC54EC9F71B5CDDFC7A49B /* ProductServiceInterface.framework in Frameworks */ = {isa = PBXBuildFile; fileRef = 494DF3BD666D0540702D7ED5 /* ProductServiceInterface.framework */; };
		368CCB58B109BE4C06481854 /* CartService.framework in Frameworks */ = {isa = PBXBuildFile; fileRef = 8856EA25066F3A9F1AD981FA /* CartService.framework */; };
		409716227B2DA32010E965CE /* PopcatsServiceInterface.framework in Frameworks */ = {isa = PBXBuildFile; fileRef = 2405E36E8EB73BDF13FE62F2 /* PopcatsServiceInterface.framework */; };
		4563FEB193ABE50EAFE25D9F /* MainScreenView.swift in Sources */ = {isa = PBXBuildFile; fileRef = 7D7540C6BB138A94C93AB177 /* MainScreenView.swift */; };
		488567EBA915988E016DC28E /* MainScreenNetworkClient.swift in Sources */ = {isa = PBXBuildFile; fileRef = 0BF0AF95D7E09B5AB2636B8C /* MainScreenNetworkClient.swift */; };
		4A18632D1C2F2BDE098AFD9A /* MainCoordinator.swift in Sources */ = {isa = PBXBuildFile; fileRef = 19067097D5BA2AD281D6637E /* MainCoordinator.swift */; };
		5197244D5A29B7128B6BDCEC /* CatalogInterface.framework in Frameworks */ = {isa = PBXBuildFile; fileRef = A0C0F6025DE20A5216EE82BA /* CatalogInterface.framework */; };
		51A9BA7AD1444252C252966A /* DLNetwork.framework in Dependencies */ = {isa = PBXBuildFile; fileRef = 048F7A670BA732EEA2973D33 /* DLNetwork.framework */; };
		5CC5876CF2CA2B9BECBED686 /* Resolver.framework in Frameworks */ = {isa = PBXBuildFile; fileRef = 7CBAEF13B16E8F81A10A2D08 /* Resolver.framework */; };
		5D1B10818B64A6DFC1F1FF44 /* AnyMainAssembly.swift in Sources */ = {isa = PBXBuildFile; fileRef = 249BBF3292033D92DBCA172D /* AnyMainAssembly.swift */; };
		62AFCE19DCAE0B3A16256BE2 /* OrderServiceInterface.framework in Frameworks */ = {isa = PBXBuildFile; fileRef = 5130BF55E1CB23F6FD2ADC6A /* OrderServiceInterface.framework */; };
		64474D18A13282F2EFF83104 /* Coordinator.framework in Frameworks */ = {isa = PBXBuildFile; fileRef = D63884C2B7D3BB702D321698 /* Coordinator.framework */; };
		68EC90E9BE3A04A8A3BA51D9 /* MainScreenOutput.swift in Sources */ = {isa = PBXBuildFile; fileRef = 7C34FC52AF0F0993DE471739 /* MainScreenOutput.swift */; };
		6EA7D35D47F9D888DFF10AC0 /* Main.framework in Frameworks */ = {isa = PBXBuildFile; fileRef = 9E11738420117498E7B6EBB3 /* Main.framework */; };
		6F7CE70BD80A11212F8ED8FC /* AuthService.framework in Frameworks */ = {isa = PBXBuildFile; fileRef = 6FC96CFF575EDBEF9DE604B0 /* AuthService.framework */; };
		714411F1959E93736BFB00E0 /* DesignSystem_DesignSystem.bundle in Resources */ = {isa = PBXBuildFile; fileRef = 68BF45ACC06B865A6DCB3F20 /* DesignSystem_DesignSystem.bundle */; };
		7548A3959597AAAACC876F22 /* SharedUserStories.framework in Frameworks */ = {isa = PBXBuildFile; fileRef = 20FE31E383DB8130CFDF1B97 /* SharedUserStories.framework */; };
		7A96C1E9A8AC5ABEAEEA013B /* Resolver.framework in Dependencies */ = {isa = PBXBuildFile; fileRef = 7CBAEF13B16E8F81A10A2D08 /* Resolver.framework */; };
		7C95B49DEC02514424C4DA72 /* MainScreenFactory.swift in Sources */ = {isa = PBXBuildFile; fileRef = D824E34132E912E4278CFB89 /* MainScreenFactory.swift */; };
		7D1802C7D1D6757DD28FE16E /* CatalogService.framework in Frameworks */ = {isa = PBXBuildFile; fileRef = 9D648A14447C887088D198EF /* CatalogService.framework */; };
		7D4F73942F1167F114B5A240 /* AllProductsScreenFactory.swift in Sources */ = {isa = PBXBuildFile; fileRef = D798339634E2382EFE7054AC /* AllProductsScreenFactory.swift */; };
		7F45663632515C16C42793F4 /* AllProductsScreenViewModel.swift in Sources */ = {isa = PBXBuildFile; fileRef = 96AE74E68DBBFCA6135C666B /* AllProductsScreenViewModel.swift */; };
		8327AF39AB348973E253F7BC /* Profile.framework in Frameworks */ = {isa = PBXBuildFile; fileRef = 48C796A2DFFD207EFC683F12 /* Profile.framework */; };
		84F9B071B7F982991036F2C2 /* UserService.framework in Frameworks */ = {isa = PBXBuildFile; fileRef = E0A3D3F6AC11F457C4CB5AA1 /* UserService.framework */; };
		851677DB3F90ABE12D499BC2 /* MainInterface.framework in Frameworks */ = {isa = PBXBuildFile; fileRef = 5DAFDE9CE53AE4BD0C59F8CF /* MainInterface.framework */; };
		8734D3044EF7FEAE13415598 /* MainAssembly.swift in Sources */ = {isa = PBXBuildFile; fileRef = 98E4E4EB1B5F707CA6B8413E /* MainAssembly.swift */; };
		8CD4D1FE5C51A24A99A2DB08 /* BannerService.framework in Frameworks */ = {isa = PBXBuildFile; fileRef = AB9327A2F5A13129820633F8 /* BannerService.framework */; };
		983AF1EB891AD3D183A08642 /* ExampleView.swift in Sources */ = {isa = PBXBuildFile; fileRef = D2882E4364D6A843D1F17A68 /* ExampleView.swift */; };
		9DE66E72E852A7077633A8DB /* DLCore.framework in Dependencies */ = {isa = PBXBuildFile; fileRef = E336A5EFBAD39E2816D3088D /* DLCore.framework */; };
		A9E408A95CA7720F892415BD /* OrderService.framework in Frameworks */ = {isa = PBXBuildFile; fileRef = B9CE329113D300E2833059E7 /* OrderService.framework */; };
		AC34B7EE100D37443086215B /* AllProductsScreenOutput.swift in Sources */ = {isa = PBXBuildFile; fileRef = C3E7ACCB1AF7B33F178030E1 /* AllProductsScreenOutput.swift */; };
		B01A421DEC123667E2657E72 /* ProductServiceInterface.framework in Dependencies */ = {isa = PBXBuildFile; fileRef = 494DF3BD666D0540702D7ED5 /* ProductServiceInterface.framework */; };
		B34D2AB0BD582EE837CF3F0A /* DesignSystem.framework in Dependencies */ = {isa = PBXBuildFile; fileRef = 0AC7872152E27C03A90BFD07 /* DesignSystem.framework */; };
		B38D5B68C2877E7A029F4EE4 /* MainScreenView+Subviews.swift in Sources */ = {isa = PBXBuildFile; fileRef = D188B278791AFBE6A090555A /* MainScreenView+Subviews.swift */; };
		BB8DE26964176307746912CD /* MainCoordinatorOutput.swift in Sources */ = {isa = PBXBuildFile; fileRef = 3A42D224141EC8265261DA3B /* MainCoordinatorOutput.swift */; };
		BC7274567E3B8A6C5208B700 /* ProductService.framework in Frameworks */ = {isa = PBXBuildFile; fileRef = 0120D754CB9814BDE65381DB /* ProductService.framework */; };
		BD43B9F8BB9D05D71C5CF662 /* ProfileInterface.framework in Frameworks */ = {isa = PBXBuildFile; fileRef = B7ED8156FD8FE6D05AA6DA70 /* ProfileInterface.framework */; };
		BD655B1BA9F535408051B6CA /* MainCoordinator+MainScreenOutput.swift in Sources */ = {isa = PBXBuildFile; fileRef = BE72B24EF9BA702593454D8B /* MainCoordinator+MainScreenOutput.swift */; };
		C26F8CDC44B5660ED1E193A1 /* MainScreenViewModel.swift in Sources */ = {isa = PBXBuildFile; fileRef = 0DF1D1F2226E8B07CD90112C /* MainScreenViewModel.swift */; };
		C7B04C72E4746553C2F7CE07 /* UserServiceInterface.framework in Dependencies */ = {isa = PBXBuildFile; fileRef = 8F12272234E70B75FCF4EBB6 /* UserServiceInterface.framework */; };
		D03F9E499060AE8B77D2AC57 /* DLNetwork.framework in Frameworks */ = {isa = PBXBuildFile; fileRef = 048F7A670BA732EEA2973D33 /* DLNetwork.framework */; };
		D24566BD481F527D867DABF5 /* Coordinator.framework in Dependencies */ = {isa = PBXBuildFile; fileRef = D63884C2B7D3BB702D321698 /* Coordinator.framework */; };
		D66D6D7984C918F83D6F7779 /* CatalogServiceInterface.framework in Frameworks */ = {isa = PBXBuildFile; fileRef = 3CB63D9C69ADF9E2E310390D /* CatalogServiceInterface.framework */; };
		D8DFFD0D9F53E6AAF67FF7E4 /* MainScreenViewOutput.swift in Sources */ = {isa = PBXBuildFile; fileRef = 5E472A7900A24F2B38875C83 /* MainScreenViewOutput.swift */; };
		DB2BF4FD6F6C62751822AE98 /* AllProductsScreenView.swift in Sources */ = {isa = PBXBuildFile; fileRef = 2150413F367C19B401D6CD65 /* AllProductsScreenView.swift */; };
		DD488D3ED6CCC022C7DAB901 /* PopcatsServiceInterface.framework in Dependencies */ = {isa = PBXBuildFile; fileRef = 2405E36E8EB73BDF13FE62F2 /* PopcatsServiceInterface.framework */; };
		DFECFB9306E2A2CD45635F85 /* DependencyRegistry.framework in Frameworks */ = {isa = PBXBuildFile; fileRef = E83DDFED0022C92B87F5ABAB /* DependencyRegistry.framework */; };
		EDF42A31FFE43DD365FDDA7C /* CartServiceInterface.framework in Dependencies */ = {isa = PBXBuildFile; fileRef = A99764D17B59D3DE46D279F5 /* CartServiceInterface.framework */; };
		EE8063B5BD983CB0455F05EE /* UserServiceInterface.framework in Frameworks */ = {isa = PBXBuildFile; fileRef = 8F12272234E70B75FCF4EBB6 /* UserServiceInterface.framework */; };
		EF36EA4F5A6C029C95A8D27B /* AllProductsScreenViewOutput.swift in Sources */ = {isa = PBXBuildFile; fileRef = 3C7DEAE14ECDC4DC1A365942 /* AllProductsScreenViewOutput.swift */; };
		EF4EC4F10438D6839C17B4C7 /* AllProductsScreenViewState.swift in Sources */ = {isa = PBXBuildFile; fileRef = 4D52935140F6E997A434A545 /* AllProductsScreenViewState.swift */; };
		F22E4E0A16FE3172C404317A /* MainScreenAssembly.swift in Sources */ = {isa = PBXBuildFile; fileRef = 21806BC703667D6CBCD34AE1 /* MainScreenAssembly.swift */; };
		F8547D43D1220E4D74C26334 /* DesignSystem.framework in Frameworks */ = {isa = PBXBuildFile; fileRef = 0AC7872152E27C03A90BFD07 /* DesignSystem.framework */; };
		FACCFFF9F02D744D40BB3890 /* DesignSystem_DesignSystem.bundle in Dependencies */ = {isa = PBXBuildFile; fileRef = 68BF45ACC06B865A6DCB3F20 /* DesignSystem_DesignSystem.bundle */; };
		FDC088F97EB931F203361E68 /* PopcatsService.framework in Frameworks */ = {isa = PBXBuildFile; fileRef = 457CD32037B09F962343631A /* PopcatsService.framework */; };
		FE698E5CB65989EA3000300A /* Catalog.framework in Frameworks */ = {isa = PBXBuildFile; fileRef = E768660CEF3D80165691FDB7 /* Catalog.framework */; };
/* End PBXBuildFile section */

/* Begin PBXContainerItemProxy section */
		ABBC65F11577D6DCE094E97B /* PBXContainerItemProxy */ = {
			isa = PBXContainerItemProxy;
			containerPortal = 5300FD596037B591474BD4C2 /* Project object */;
			proxyType = 1;
			remoteGlobalIDString = CFEB8724F95B2B4C3AF92E16;
			remoteInfo = MainInterface;
		};
		DB6386443BA9A0945EFFB81F /* PBXContainerItemProxy */ = {
			isa = PBXContainerItemProxy;
			containerPortal = 5300FD596037B591474BD4C2 /* Project object */;
			proxyType = 1;
			remoteGlobalIDString = 10BC0BAF427BB570BB3E5632;
			remoteInfo = Main;
		};
		F25ABB5FDDDA32351F736D10 /* PBXContainerItemProxy */ = {
			isa = PBXContainerItemProxy;
			containerPortal = 5300FD596037B591474BD4C2 /* Project object */;
			proxyType = 1;
			remoteGlobalIDString = CFEB8724F95B2B4C3AF92E16;
			remoteInfo = MainInterface;
		};
/* End PBXContainerItemProxy section */

/* Begin PBXCopyFilesBuildPhase section */
		030795F26388215C6F9348DF /* Dependencies */ = {
			isa = PBXCopyFilesBuildPhase;
			buildActionMask = 8;
			dstSubfolderSpec = 16;
			files = (
				D24566BD481F527D867DABF5 /* Coordinator.framework in Dependencies */,
				14BCFE5FF8627631750722D1 /* SharedUserStories.framework in Dependencies */,
			);
			name = Dependencies;
			runOnlyForDeploymentPostprocessing = 1;
		};
		55C89FF2E6BB844FA546BD31 /* Embed Frameworks */ = {
			isa = PBXCopyFilesBuildPhase;
			buildActionMask = 2147483647;
			dstPath = "";
			dstSubfolderSpec = 10;
			files = (
			);
			name = "Embed Frameworks";
			runOnlyForDeploymentPostprocessing = 0;
		};
		5C06C217855608698F73A65F /* Dependencies */ = {
			isa = PBXCopyFilesBuildPhase;
			buildActionMask = 8;
			dstSubfolderSpec = 16;
			files = (
				FACCFFF9F02D744D40BB3890 /* DesignSystem_DesignSystem.bundle in Dependencies */,
			);
			name = Dependencies;
			runOnlyForDeploymentPostprocessing = 1;
		};
		6EB2AFE0223E12FCE66CEC7B /* Embed Frameworks */ = {
			isa = PBXCopyFilesBuildPhase;
			buildActionMask = 2147483647;
			dstPath = "";
			dstSubfolderSpec = 10;
			files = (
			);
			name = "Embed Frameworks";
			runOnlyForDeploymentPostprocessing = 0;
		};
		8083260200B4382C71F55FBA /* Embed Frameworks */ = {
			isa = PBXCopyFilesBuildPhase;
			buildActionMask = 2147483647;
			dstPath = "";
			dstSubfolderSpec = 10;
			files = (
			);
			name = "Embed Frameworks";
			runOnlyForDeploymentPostprocessing = 0;
		};
		E137C371C99B747821F64903 /* Dependencies */ = {
			isa = PBXCopyFilesBuildPhase;
			buildActionMask = 8;
			dstSubfolderSpec = 16;
			files = (
				10222DC92289BCD6EA1C1EA1 /* BannerServiceInterface.framework in Dependencies */,
				EDF42A31FFE43DD365FDDA7C /* CartServiceInterface.framework in Dependencies */,
				157A2377F584E61579FED50C /* Coordinator.framework in Dependencies */,
				9DE66E72E852A7077633A8DB /* DLCore.framework in Dependencies */,
				51A9BA7AD1444252C252966A /* DLNetwork.framework in Dependencies */,
				B34D2AB0BD582EE837CF3F0A /* DesignSystem.framework in Dependencies */,
				0BB5B849CF56E614C90FC945 /* MainInterface.framework in Dependencies */,
				DD488D3ED6CCC022C7DAB901 /* PopcatsServiceInterface.framework in Dependencies */,
				B01A421DEC123667E2657E72 /* ProductServiceInterface.framework in Dependencies */,
				7A96C1E9A8AC5ABEAEEA013B /* Resolver.framework in Dependencies */,
				23C82D96BF5C039294AAF4F5 /* SharedUserStories.framework in Dependencies */,
				C7B04C72E4746553C2F7CE07 /* UserServiceInterface.framework in Dependencies */,
			);
			name = Dependencies;
			runOnlyForDeploymentPostprocessing = 1;
		};
/* End PBXCopyFilesBuildPhase section */

/* Begin PBXFileReference section */
		0120D754CB9814BDE65381DB /* ProductService.framework */ = {isa = PBXFileReference; explicitFileType = wrapper.framework; includeInIndex = 0; path = ProductService.framework; sourceTree = BUILT_PRODUCTS_DIR; };
		048F7A670BA732EEA2973D33 /* DLNetwork.framework */ = {isa = PBXFileReference; explicitFileType = wrapper.framework; includeInIndex = 0; path = DLNetwork.framework; sourceTree = BUILT_PRODUCTS_DIR; };
		0AC7872152E27C03A90BFD07 /* DesignSystem.framework */ = {isa = PBXFileReference; explicitFileType = wrapper.framework; includeInIndex = 0; path = DesignSystem.framework; sourceTree = BUILT_PRODUCTS_DIR; };
		0BF0AF95D7E09B5AB2636B8C /* MainScreenNetworkClient.swift */ = {isa = PBXFileReference; lastKnownFileType = sourcecode.swift; path = MainScreenNetworkClient.swift; sourceTree = "<group>"; };
		0DF1D1F2226E8B07CD90112C /* MainScreenViewModel.swift */ = {isa = PBXFileReference; lastKnownFileType = sourcecode.swift; path = MainScreenViewModel.swift; sourceTree = "<group>"; };
		19067097D5BA2AD281D6637E /* MainCoordinator.swift */ = {isa = PBXFileReference; lastKnownFileType = sourcecode.swift; path = MainCoordinator.swift; sourceTree = "<group>"; };
		203914AC59B3F4DF500C300A /* AnyMainScreenFactory.swift */ = {isa = PBXFileReference; lastKnownFileType = sourcecode.swift; path = AnyMainScreenFactory.swift; sourceTree = "<group>"; };
		20F8202842DDE0CB8962B6C2 /* BannerServiceInterface.framework */ = {isa = PBXFileReference; explicitFileType = wrapper.framework; includeInIndex = 0; path = BannerServiceInterface.framework; sourceTree = BUILT_PRODUCTS_DIR; };
		20FE31E383DB8130CFDF1B97 /* SharedUserStories.framework */ = {isa = PBXFileReference; explicitFileType = wrapper.framework; includeInIndex = 0; path = SharedUserStories.framework; sourceTree = BUILT_PRODUCTS_DIR; };
		2150413F367C19B401D6CD65 /* AllProductsScreenView.swift */ = {isa = PBXFileReference; lastKnownFileType = sourcecode.swift; path = AllProductsScreenView.swift; sourceTree = "<group>"; };
		21806BC703667D6CBCD34AE1 /* MainScreenAssembly.swift */ = {isa = PBXFileReference; lastKnownFileType = sourcecode.swift; path = MainScreenAssembly.swift; sourceTree = "<group>"; };
		23EB684190694624B8DEB751 /* MainInterface-Info.plist */ = {isa = PBXFileReference; lastKnownFileType = text.plist; path = "MainInterface-Info.plist"; sourceTree = "<group>"; };
		2405E36E8EB73BDF13FE62F2 /* PopcatsServiceInterface.framework */ = {isa = PBXFileReference; explicitFileType = wrapper.framework; includeInIndex = 0; path = PopcatsServiceInterface.framework; sourceTree = BUILT_PRODUCTS_DIR; };
		249BBF3292033D92DBCA172D /* AnyMainAssembly.swift */ = {isa = PBXFileReference; lastKnownFileType = sourcecode.swift; path = AnyMainAssembly.swift; sourceTree = "<group>"; };
		3A42D224141EC8265261DA3B /* MainCoordinatorOutput.swift */ = {isa = PBXFileReference; lastKnownFileType = sourcecode.swift; path = MainCoordinatorOutput.swift; sourceTree = "<group>"; };
		3C7DEAE14ECDC4DC1A365942 /* AllProductsScreenViewOutput.swift */ = {isa = PBXFileReference; lastKnownFileType = sourcecode.swift; path = AllProductsScreenViewOutput.swift; sourceTree = "<group>"; };
		3CB63D9C69ADF9E2E310390D /* CatalogServiceInterface.framework */ = {isa = PBXFileReference; explicitFileType = wrapper.framework; includeInIndex = 0; path = CatalogServiceInterface.framework; sourceTree = BUILT_PRODUCTS_DIR; };
		42578D356C2E74B8794C6E8C /* Main-Info.plist */ = {isa = PBXFileReference; lastKnownFileType = text.plist; path = "Main-Info.plist"; sourceTree = "<group>"; };
		44CDF2CD3EFFFE593A5B98F8 /* AnyMainCoordinator.swift */ = {isa = PBXFileReference; lastKnownFileType = sourcecode.swift; path = AnyMainCoordinator.swift; sourceTree = "<group>"; };
		457CD32037B09F962343631A /* PopcatsService.framework */ = {isa = PBXFileReference; explicitFileType = wrapper.framework; includeInIndex = 0; path = PopcatsService.framework; sourceTree = BUILT_PRODUCTS_DIR; };
		48C796A2DFFD207EFC683F12 /* Profile.framework */ = {isa = PBXFileReference; explicitFileType = wrapper.framework; includeInIndex = 0; path = Profile.framework; sourceTree = BUILT_PRODUCTS_DIR; };
		48EC8B81F7D169D661EF704B /* AllProductsAssembly.swift */ = {isa = PBXFileReference; lastKnownFileType = sourcecode.swift; path = AllProductsAssembly.swift; sourceTree = "<group>"; };
		494DF3BD666D0540702D7ED5 /* ProductServiceInterface.framework */ = {isa = PBXFileReference; explicitFileType = wrapper.framework; includeInIndex = 0; path = ProductServiceInterface.framework; sourceTree = BUILT_PRODUCTS_DIR; };
		4B702A1E8F0B3DDA22DF288F /* SharedContractsInterface.framework */ = {isa = PBXFileReference; explicitFileType = wrapper.framework; includeInIndex = 0; path = SharedContractsInterface.framework; sourceTree = BUILT_PRODUCTS_DIR; };
		4D52935140F6E997A434A545 /* AllProductsScreenViewState.swift */ = {isa = PBXFileReference; lastKnownFileType = sourcecode.swift; path = AllProductsScreenViewState.swift; sourceTree = "<group>"; };
		5130BF55E1CB23F6FD2ADC6A /* OrderServiceInterface.framework */ = {isa = PBXFileReference; explicitFileType = wrapper.framework; includeInIndex = 0; path = OrderServiceInterface.framework; sourceTree = BUILT_PRODUCTS_DIR; };
		5C518527367F141361BCDD2D /* MainExample.app */ = {isa = PBXFileReference; explicitFileType = wrapper.application; includeInIndex = 0; path = MainExample.app; sourceTree = BUILT_PRODUCTS_DIR; };
		5DAFDE9CE53AE4BD0C59F8CF /* MainInterface.framework */ = {isa = PBXFileReference; explicitFileType = wrapper.framework; includeInIndex = 0; path = MainInterface.framework; sourceTree = BUILT_PRODUCTS_DIR; };
		5E472A7900A24F2B38875C83 /* MainScreenViewOutput.swift */ = {isa = PBXFileReference; lastKnownFileType = sourcecode.swift; path = MainScreenViewOutput.swift; sourceTree = "<group>"; };
		68BF45ACC06B865A6DCB3F20 /* DesignSystem_DesignSystem.bundle */ = {isa = PBXFileReference; explicitFileType = wrapper.cfbundle; includeInIndex = 0; path = DesignSystem_DesignSystem.bundle; sourceTree = BUILT_PRODUCTS_DIR; };
		6B289E12E79149A028E9F06E /* MainExample-Info.plist */ = {isa = PBXFileReference; lastKnownFileType = text.plist; path = "MainExample-Info.plist"; sourceTree = "<group>"; };
		6FC96CFF575EDBEF9DE604B0 /* AuthService.framework */ = {isa = PBXFileReference; explicitFileType = wrapper.framework; includeInIndex = 0; path = AuthService.framework; sourceTree = BUILT_PRODUCTS_DIR; };
		7C34FC52AF0F0993DE471739 /* MainScreenOutput.swift */ = {isa = PBXFileReference; lastKnownFileType = sourcecode.swift; path = MainScreenOutput.swift; sourceTree = "<group>"; };
		7CBAEF13B16E8F81A10A2D08 /* Resolver.framework */ = {isa = PBXFileReference; explicitFileType = wrapper.framework; includeInIndex = 0; path = Resolver.framework; sourceTree = BUILT_PRODUCTS_DIR; };
		7D7540C6BB138A94C93AB177 /* MainScreenView.swift */ = {isa = PBXFileReference; lastKnownFileType = sourcecode.swift; path = MainScreenView.swift; sourceTree = "<group>"; };
		8856EA25066F3A9F1AD981FA /* CartService.framework */ = {isa = PBXFileReference; explicitFileType = wrapper.framework; includeInIndex = 0; path = CartService.framework; sourceTree = BUILT_PRODUCTS_DIR; };
		8922BBB3010F5CE37FF8C23E /* AuthServiceInterface.framework */ = {isa = PBXFileReference; explicitFileType = wrapper.framework; includeInIndex = 0; path = AuthServiceInterface.framework; sourceTree = BUILT_PRODUCTS_DIR; };
		8F12272234E70B75FCF4EBB6 /* UserServiceInterface.framework */ = {isa = PBXFileReference; explicitFileType = wrapper.framework; includeInIndex = 0; path = UserServiceInterface.framework; sourceTree = BUILT_PRODUCTS_DIR; };
		96AE74E68DBBFCA6135C666B /* AllProductsScreenViewModel.swift */ = {isa = PBXFileReference; lastKnownFileType = sourcecode.swift; path = AllProductsScreenViewModel.swift; sourceTree = "<group>"; };
		9874BC4F4AAE79B1F7FD5EEA /* MainRoute.swift */ = {isa = PBXFileReference; lastKnownFileType = sourcecode.swift; path = MainRoute.swift; sourceTree = "<group>"; };
		98E4E4EB1B5F707CA6B8413E /* MainAssembly.swift */ = {isa = PBXFileReference; lastKnownFileType = sourcecode.swift; path = MainAssembly.swift; sourceTree = "<group>"; };
		9D648A14447C887088D198EF /* CatalogService.framework */ = {isa = PBXFileReference; explicitFileType = wrapper.framework; includeInIndex = 0; path = CatalogService.framework; sourceTree = BUILT_PRODUCTS_DIR; };
		9E11738420117498E7B6EBB3 /* Main.framework */ = {isa = PBXFileReference; explicitFileType = wrapper.framework; includeInIndex = 0; path = Main.framework; sourceTree = BUILT_PRODUCTS_DIR; };
		A0C0F6025DE20A5216EE82BA /* CatalogInterface.framework */ = {isa = PBXFileReference; explicitFileType = wrapper.framework; includeInIndex = 0; path = CatalogInterface.framework; sourceTree = BUILT_PRODUCTS_DIR; };
		A2A989D1BF7FEA319A8090F3 /* MainScreenViewState.swift */ = {isa = PBXFileReference; lastKnownFileType = sourcecode.swift; path = MainScreenViewState.swift; sourceTree = "<group>"; };
		A99764D17B59D3DE46D279F5 /* CartServiceInterface.framework */ = {isa = PBXFileReference; explicitFileType = wrapper.framework; includeInIndex = 0; path = CartServiceInterface.framework; sourceTree = BUILT_PRODUCTS_DIR; };
		AB9327A2F5A13129820633F8 /* BannerService.framework */ = {isa = PBXFileReference; explicitFileType = wrapper.framework; includeInIndex = 0; path = BannerService.framework; sourceTree = BUILT_PRODUCTS_DIR; };
		B7ED8156FD8FE6D05AA6DA70 /* ProfileInterface.framework */ = {isa = PBXFileReference; explicitFileType = wrapper.framework; includeInIndex = 0; path = ProfileInterface.framework; sourceTree = BUILT_PRODUCTS_DIR; };
		B9CE329113D300E2833059E7 /* OrderService.framework */ = {isa = PBXFileReference; explicitFileType = wrapper.framework; includeInIndex = 0; path = OrderService.framework; sourceTree = BUILT_PRODUCTS_DIR; };
		BE72B24EF9BA702593454D8B /* MainCoordinator+MainScreenOutput.swift */ = {isa = PBXFileReference; lastKnownFileType = sourcecode.swift; path = "MainCoordinator+MainScreenOutput.swift"; sourceTree = "<group>"; };
		C3E7ACCB1AF7B33F178030E1 /* AllProductsScreenOutput.swift */ = {isa = PBXFileReference; lastKnownFileType = sourcecode.swift; path = AllProductsScreenOutput.swift; sourceTree = "<group>"; };
		D188B278791AFBE6A090555A /* MainScreenView+Subviews.swift */ = {isa = PBXFileReference; lastKnownFileType = sourcecode.swift; path = "MainScreenView+Subviews.swift"; sourceTree = "<group>"; };
		D2882E4364D6A843D1F17A68 /* ExampleView.swift */ = {isa = PBXFileReference; lastKnownFileType = sourcecode.swift; path = ExampleView.swift; sourceTree = "<group>"; };
		D63884C2B7D3BB702D321698 /* Coordinator.framework */ = {isa = PBXFileReference; explicitFileType = wrapper.framework; includeInIndex = 0; path = Coordinator.framework; sourceTree = BUILT_PRODUCTS_DIR; };
		D798339634E2382EFE7054AC /* AllProductsScreenFactory.swift */ = {isa = PBXFileReference; lastKnownFileType = sourcecode.swift; path = AllProductsScreenFactory.swift; sourceTree = "<group>"; };
		D824E34132E912E4278CFB89 /* MainScreenFactory.swift */ = {isa = PBXFileReference; lastKnownFileType = sourcecode.swift; path = MainScreenFactory.swift; sourceTree = "<group>"; };
		E0A3D3F6AC11F457C4CB5AA1 /* UserService.framework */ = {isa = PBXFileReference; explicitFileType = wrapper.framework; includeInIndex = 0; path = UserService.framework; sourceTree = BUILT_PRODUCTS_DIR; };
		E336A5EFBAD39E2816D3088D /* DLCore.framework */ = {isa = PBXFileReference; explicitFileType = wrapper.framework; includeInIndex = 0; path = DLCore.framework; sourceTree = BUILT_PRODUCTS_DIR; };
		E768660CEF3D80165691FDB7 /* Catalog.framework */ = {isa = PBXFileReference; explicitFileType = wrapper.framework; includeInIndex = 0; path = Catalog.framework; sourceTree = BUILT_PRODUCTS_DIR; };
		E83DDFED0022C92B87F5ABAB /* DependencyRegistry.framework */ = {isa = PBXFileReference; explicitFileType = wrapper.framework; includeInIndex = 0; path = DependencyRegistry.framework; sourceTree = BUILT_PRODUCTS_DIR; };
		FA47771533C4ED121738C1D6 /* Basket.framework */ = {isa = PBXFileReference; explicitFileType = wrapper.framework; includeInIndex = 0; path = Basket.framework; sourceTree = BUILT_PRODUCTS_DIR; };
/* End PBXFileReference section */

/* Begin PBXFrameworksBuildPhase section */
		0408268545CEC16B4FFA0A33 /* Frameworks */ = {
			isa = PBXFrameworksBuildPhase;
			buildActionMask = 2147483647;
			files = (
				6F7CE70BD80A11212F8ED8FC /* AuthService.framework in Frameworks */,
				124944CD30BB92AEA3DF6D9C /* AuthServiceInterface.framework in Frameworks */,
				8CD4D1FE5C51A24A99A2DB08 /* BannerService.framework in Frameworks */,
				10AACA9878D805B248C9DCBD /* BannerServiceInterface.framework in Frameworks */,
				019E93D1985E327AD64E4AC8 /* Basket.framework in Frameworks */,
				368CCB58B109BE4C06481854 /* CartService.framework in Frameworks */,
				317403EBB80B99AE10C919AF /* CartServiceInterface.framework in Frameworks */,
				FE698E5CB65989EA3000300A /* Catalog.framework in Frameworks */,
				5197244D5A29B7128B6BDCEC /* CatalogInterface.framework in Frameworks */,
				7D1802C7D1D6757DD28FE16E /* CatalogService.framework in Frameworks */,
				D66D6D7984C918F83D6F7779 /* CatalogServiceInterface.framework in Frameworks */,
				64474D18A13282F2EFF83104 /* Coordinator.framework in Frameworks */,
				064E09EA1CDFD987925AD616 /* DLCore.framework in Frameworks */,
				D03F9E499060AE8B77D2AC57 /* DLNetwork.framework in Frameworks */,
				DFECFB9306E2A2CD45635F85 /* DependencyRegistry.framework in Frameworks */,
				F8547D43D1220E4D74C26334 /* DesignSystem.framework in Frameworks */,
				6EA7D35D47F9D888DFF10AC0 /* Main.framework in Frameworks */,
				851677DB3F90ABE12D499BC2 /* MainInterface.framework in Frameworks */,
				A9E408A95CA7720F892415BD /* OrderService.framework in Frameworks */,
				62AFCE19DCAE0B3A16256BE2 /* OrderServiceInterface.framework in Frameworks */,
				FDC088F97EB931F203361E68 /* PopcatsService.framework in Frameworks */,
				409716227B2DA32010E965CE /* PopcatsServiceInterface.framework in Frameworks */,
				BC7274567E3B8A6C5208B700 /* ProductService.framework in Frameworks */,
				33DC54EC9F71B5CDDFC7A49B /* ProductServiceInterface.framework in Frameworks */,
				8327AF39AB348973E253F7BC /* Profile.framework in Frameworks */,
				BD43B9F8BB9D05D71C5CF662 /* ProfileInterface.framework in Frameworks */,
				5CC5876CF2CA2B9BECBED686 /* Resolver.framework in Frameworks */,
				0A3F3F0D60373DBF072A9709 /* SharedContractsInterface.framework in Frameworks */,
				7548A3959597AAAACC876F22 /* SharedUserStories.framework in Frameworks */,
				84F9B071B7F982991036F2C2 /* UserService.framework in Frameworks */,
				EE8063B5BD983CB0455F05EE /* UserServiceInterface.framework in Frameworks */,
			);
			runOnlyForDeploymentPostprocessing = 0;
		};
		147E661602687CC70CF66B80 /* Frameworks */ = {
			isa = PBXFrameworksBuildPhase;
			buildActionMask = 2147483647;
			files = (
			);
			runOnlyForDeploymentPostprocessing = 0;
		};
		2A5061A09A18164BCE89D678 /* Frameworks */ = {
			isa = PBXFrameworksBuildPhase;
			buildActionMask = 2147483647;
			files = (
			);
			runOnlyForDeploymentPostprocessing = 0;
		};
/* End PBXFrameworksBuildPhase section */

/* Begin PBXGroup section */
		0EBB3877E50B44AF62100083 /* MainScreen */ = {
			isa = PBXGroup;
			children = (
				8F346E5E89A6892FBBF33F86 /* Assembly */,
				50710E0462D210830027E1FB /* Factory */,
				C6095703F214CD825DAE9B1C /* Network */,
				4AD981BE78A457246142A9E0 /* View */,
				9B3FEC0B57F6A93B9C705E53 /* ViewModel */,
			);
			path = MainScreen;
			sourceTree = "<group>";
		};
		1227447041152D0272E44829 /* View */ = {
			isa = PBXGroup;
			children = (
				2150413F367C19B401D6CD65 /* AllProductsScreenView.swift */,
				3C7DEAE14ECDC4DC1A365942 /* AllProductsScreenViewOutput.swift */,
				4D52935140F6E997A434A545 /* AllProductsScreenViewState.swift */,
			);
			path = View;
			sourceTree = "<group>";
		};
		216FAE80F415350688D8EE37 /* Assembly */ = {
			isa = PBXGroup;
			children = (
				48EC8B81F7D169D661EF704B /* AllProductsAssembly.swift */,
			);
			path = Assembly;
			sourceTree = "<group>";
		};
		3F659101A13D696CA4F4AEAC /* InfoPlists */ = {
			isa = PBXGroup;
			children = (
				42578D356C2E74B8794C6E8C /* Main-Info.plist */,
				6B289E12E79149A028E9F06E /* MainExample-Info.plist */,
				23EB684190694624B8DEB751 /* MainInterface-Info.plist */,
			);
			path = InfoPlists;
			sourceTree = "<group>";
		};
		4531D3F00C7250EF56C8C6A7 /* Project */ = {
			isa = PBXGroup;
			children = (
				6E04E96615B7E3B3658AA03E /* Derived */,
				B5B569F43FBAFD80D4E827B9 /* Example */,
				6BA4F4B1A65A2F9122D7EA76 /* Interface */,
				5A008D5EFC7B93E7C2BDA75B /* Sources */,
			);
			name = Project;
			sourceTree = "<group>";
		};
		4A60D14F09574A3A999B688B /* Factory */ = {
			isa = PBXGroup;
			children = (
				D798339634E2382EFE7054AC /* AllProductsScreenFactory.swift */,
			);
			path = Factory;
			sourceTree = "<group>";
		};
		4AD981BE78A457246142A9E0 /* View */ = {
			isa = PBXGroup;
			children = (
				7D7540C6BB138A94C93AB177 /* MainScreenView.swift */,
				D188B278791AFBE6A090555A /* MainScreenView+Subviews.swift */,
				5E472A7900A24F2B38875C83 /* MainScreenViewOutput.swift */,
				A2A989D1BF7FEA319A8090F3 /* MainScreenViewState.swift */,
			);
			path = View;
			sourceTree = "<group>";
		};
		50710E0462D210830027E1FB /* Factory */ = {
			isa = PBXGroup;
			children = (
				203914AC59B3F4DF500C300A /* AnyMainScreenFactory.swift */,
				D824E34132E912E4278CFB89 /* MainScreenFactory.swift */,
			);
			path = Factory;
			sourceTree = "<group>";
		};
		514F819A218CE50767F56FEC = {
			isa = PBXGroup;
			children = (
				4531D3F00C7250EF56C8C6A7 /* Project */,
				8D8D958FD1354739D6F497E8 /* Products */,
			);
			sourceTree = "<group>";
		};
		5A008D5EFC7B93E7C2BDA75B /* Sources */ = {
			isa = PBXGroup;
			children = (
				F74EE93F01D427A74010598A /* AllProductsScreen */,
				0EBB3877E50B44AF62100083 /* MainScreen */,
				98E4E4EB1B5F707CA6B8413E /* MainAssembly.swift */,
				19067097D5BA2AD281D6637E /* MainCoordinator.swift */,
				BE72B24EF9BA702593454D8B /* MainCoordinator+MainScreenOutput.swift */,
			);
			path = Sources;
			sourceTree = "<group>";
		};
		6BA4F4B1A65A2F9122D7EA76 /* Interface */ = {
			isa = PBXGroup;
			children = (
				249BBF3292033D92DBCA172D /* AnyMainAssembly.swift */,
				44CDF2CD3EFFFE593A5B98F8 /* AnyMainCoordinator.swift */,
				3A42D224141EC8265261DA3B /* MainCoordinatorOutput.swift */,
				9874BC4F4AAE79B1F7FD5EEA /* MainRoute.swift */,
			);
			path = Interface;
			sourceTree = "<group>";
		};
		6E04E96615B7E3B3658AA03E /* Derived */ = {
			isa = PBXGroup;
			children = (
				3F659101A13D696CA4F4AEAC /* InfoPlists */,
			);
			path = Derived;
			sourceTree = "<group>";
		};
		8D8D958FD1354739D6F497E8 /* Products */ = {
			isa = PBXGroup;
			children = (
				6FC96CFF575EDBEF9DE604B0 /* AuthService.framework */,
				8922BBB3010F5CE37FF8C23E /* AuthServiceInterface.framework */,
				AB9327A2F5A13129820633F8 /* BannerService.framework */,
				20F8202842DDE0CB8962B6C2 /* BannerServiceInterface.framework */,
				FA47771533C4ED121738C1D6 /* Basket.framework */,
				8856EA25066F3A9F1AD981FA /* CartService.framework */,
				A99764D17B59D3DE46D279F5 /* CartServiceInterface.framework */,
				E768660CEF3D80165691FDB7 /* Catalog.framework */,
				A0C0F6025DE20A5216EE82BA /* CatalogInterface.framework */,
				9D648A14447C887088D198EF /* CatalogService.framework */,
				3CB63D9C69ADF9E2E310390D /* CatalogServiceInterface.framework */,
				D63884C2B7D3BB702D321698 /* Coordinator.framework */,
				E83DDFED0022C92B87F5ABAB /* DependencyRegistry.framework */,
				68BF45ACC06B865A6DCB3F20 /* DesignSystem_DesignSystem.bundle */,
				0AC7872152E27C03A90BFD07 /* DesignSystem.framework */,
				E336A5EFBAD39E2816D3088D /* DLCore.framework */,
				048F7A670BA732EEA2973D33 /* DLNetwork.framework */,
				9E11738420117498E7B6EBB3 /* Main.framework */,
				5C518527367F141361BCDD2D /* MainExample.app */,
				5DAFDE9CE53AE4BD0C59F8CF /* MainInterface.framework */,
				B9CE329113D300E2833059E7 /* OrderService.framework */,
				5130BF55E1CB23F6FD2ADC6A /* OrderServiceInterface.framework */,
				457CD32037B09F962343631A /* PopcatsService.framework */,
				2405E36E8EB73BDF13FE62F2 /* PopcatsServiceInterface.framework */,
				0120D754CB9814BDE65381DB /* ProductService.framework */,
				494DF3BD666D0540702D7ED5 /* ProductServiceInterface.framework */,
				48C796A2DFFD207EFC683F12 /* Profile.framework */,
				B7ED8156FD8FE6D05AA6DA70 /* ProfileInterface.framework */,
				7CBAEF13B16E8F81A10A2D08 /* Resolver.framework */,
				4B702A1E8F0B3DDA22DF288F /* SharedContractsInterface.framework */,
				20FE31E383DB8130CFDF1B97 /* SharedUserStories.framework */,
				E0A3D3F6AC11F457C4CB5AA1 /* UserService.framework */,
				8F12272234E70B75FCF4EBB6 /* UserServiceInterface.framework */,
			);
			name = Products;
			sourceTree = "<group>";
		};
		8F346E5E89A6892FBBF33F86 /* Assembly */ = {
			isa = PBXGroup;
			children = (
				21806BC703667D6CBCD34AE1 /* MainScreenAssembly.swift */,
			);
			path = Assembly;
			sourceTree = "<group>";
		};
		9B3FEC0B57F6A93B9C705E53 /* ViewModel */ = {
			isa = PBXGroup;
			children = (
				7C34FC52AF0F0993DE471739 /* MainScreenOutput.swift */,
				0DF1D1F2226E8B07CD90112C /* MainScreenViewModel.swift */,
			);
			path = ViewModel;
			sourceTree = "<group>";
		};
		B5B569F43FBAFD80D4E827B9 /* Example */ = {
			isa = PBXGroup;
			children = (
				D2882E4364D6A843D1F17A68 /* ExampleView.swift */,
			);
			path = Example;
			sourceTree = "<group>";
		};
		C6095703F214CD825DAE9B1C /* Network */ = {
			isa = PBXGroup;
			children = (
				0BF0AF95D7E09B5AB2636B8C /* MainScreenNetworkClient.swift */,
			);
			path = Network;
			sourceTree = "<group>";
		};
		E402418B7C9057143DB5DAAB /* ViewModel */ = {
			isa = PBXGroup;
			children = (
				C3E7ACCB1AF7B33F178030E1 /* AllProductsScreenOutput.swift */,
				96AE74E68DBBFCA6135C666B /* AllProductsScreenViewModel.swift */,
			);
			path = ViewModel;
			sourceTree = "<group>";
		};
		F74EE93F01D427A74010598A /* AllProductsScreen */ = {
			isa = PBXGroup;
			children = (
				216FAE80F415350688D8EE37 /* Assembly */,
				4A60D14F09574A3A999B688B /* Factory */,
				1227447041152D0272E44829 /* View */,
				E402418B7C9057143DB5DAAB /* ViewModel */,
			);
			path = AllProductsScreen;
			sourceTree = "<group>";
		};
/* End PBXGroup section */

/* Begin PBXNativeTarget section */
		10BC0BAF427BB570BB3E5632 /* Main */ = {
			isa = PBXNativeTarget;
			buildConfigurationList = 2E406759F281EF42479D8764 /* Build configuration list for PBXNativeTarget "Main" */;
			buildPhases = (
				CAD55BD39DD0DFEE6C4156C4 /* Sources */,
				03FEF6266CCA34FCFD340531 /* Resources */,
				147E661602687CC70CF66B80 /* Frameworks */,
				55C89FF2E6BB844FA546BD31 /* Embed Frameworks */,
				E137C371C99B747821F64903 /* Dependencies */,
			);
			buildRules = (
			);
			dependencies = (
				69BFF0405C436AB5C8F936CA /* PBXTargetDependency */,
			);
			name = Main;
			packageProductDependencies = (
			);
			productName = Main;
			productReference = 9E11738420117498E7B6EBB3 /* Main.framework */;
			productType = "com.apple.product-type.framework";
		};
		BFC1AEDACEA2DDA622867CD9 /* MainExample */ = {
			isa = PBXNativeTarget;
			buildConfigurationList = 2A9F7ADA92C4387083695585 /* Build configuration list for PBXNativeTarget "MainExample" */;
			buildPhases = (
				B3BAA19E7C8B696E15D25854 /* Sources */,
				D0DD88513CE84F5C060FD882 /* Resources */,
				0408268545CEC16B4FFA0A33 /* Frameworks */,
				8083260200B4382C71F55FBA /* Embed Frameworks */,
				5C06C217855608698F73A65F /* Dependencies */,
			);
			buildRules = (
			);
			dependencies = (
				26C9A5E85C1148D755A40F96 /* PBXTargetDependency */,
				DC32CFC119CA38BC7FB324DD /* PBXTargetDependency */,
			);
			name = MainExample;
			packageProductDependencies = (
			);
			productName = MainExample;
			productReference = 5C518527367F141361BCDD2D /* MainExample.app */;
			productType = "com.apple.product-type.application";
		};
		CFEB8724F95B2B4C3AF92E16 /* MainInterface */ = {
			isa = PBXNativeTarget;
			buildConfigurationList = 747F15BF5125C839A75B9753 /* Build configuration list for PBXNativeTarget "MainInterface" */;
			buildPhases = (
				1E8A920FF5F012611DC5D468 /* Sources */,
				BDAD3017A67249A2D3F19158 /* Resources */,
				2A5061A09A18164BCE89D678 /* Frameworks */,
				6EB2AFE0223E12FCE66CEC7B /* Embed Frameworks */,
				030795F26388215C6F9348DF /* Dependencies */,
			);
			buildRules = (
			);
			dependencies = (
			);
			name = MainInterface;
			packageProductDependencies = (
			);
			productName = MainInterface;
			productReference = 5DAFDE9CE53AE4BD0C59F8CF /* MainInterface.framework */;
			productType = "com.apple.product-type.framework";
		};
/* End PBXNativeTarget section */

/* Begin PBXProject section */
		5300FD596037B591474BD4C2 /* Project object */ = {
			isa = PBXProject;
			attributes = {
				BuildIndependentTargetsInParallel = YES;
				CLASSPREFIX = DL;
				LastUpgradeCheck = 1630;
				ORGANIZATIONNAME = Delivery24;
				TargetAttributes = {
				};
			};
			buildConfigurationList = 15A0F45942E7F85D3BB3A1BB /* Build configuration list for PBXProject "Main" */;
			compatibilityVersion = "Xcode 14.0";
			developmentRegion = en;
			hasScannedForEncodings = 0;
			knownRegions = (
				Base,
				en,
			);
			mainGroup = 514F819A218CE50767F56FEC;
			productRefGroup = 8D8D958FD1354739D6F497E8 /* Products */;
			projectDirPath = "";
			projectRoot = "";
			targets = (
				10BC0BAF427BB570BB3E5632 /* Main */,
				BFC1AEDACEA2DDA622867CD9 /* MainExample */,
				CFEB8724F95B2B4C3AF92E16 /* MainInterface */,
			);
		};
/* End PBXProject section */

/* Begin PBXResourcesBuildPhase section */
		03FEF6266CCA34FCFD340531 /* Resources */ = {
			isa = PBXResourcesBuildPhase;
			buildActionMask = 2147483647;
			files = (
			);
			runOnlyForDeploymentPostprocessing = 0;
		};
		BDAD3017A67249A2D3F19158 /* Resources */ = {
			isa = PBXResourcesBuildPhase;
			buildActionMask = 2147483647;
			files = (
			);
			runOnlyForDeploymentPostprocessing = 0;
		};
		D0DD88513CE84F5C060FD882 /* Resources */ = {
			isa = PBXResourcesBuildPhase;
			buildActionMask = 2147483647;
			files = (
				714411F1959E93736BFB00E0 /* DesignSystem_DesignSystem.bundle in Resources */,
			);
			runOnlyForDeploymentPostprocessing = 0;
		};
/* End PBXResourcesBuildPhase section */

/* Begin PBXSourcesBuildPhase section */
		1E8A920FF5F012611DC5D468 /* Sources */ = {
			isa = PBXSourcesBuildPhase;
			buildActionMask = 2147483647;
			files = (
				5D1B10818B64A6DFC1F1FF44 /* AnyMainAssembly.swift in Sources */,
				095860F20883AFE66D2C5004 /* AnyMainCoordinator.swift in Sources */,
				BB8DE26964176307746912CD /* MainCoordinatorOutput.swift in Sources */,
				111CB6F9B4F21125E6D0D02E /* MainRoute.swift in Sources */,
			);
			runOnlyForDeploymentPostprocessing = 0;
		};
		B3BAA19E7C8B696E15D25854 /* Sources */ = {
			isa = PBXSourcesBuildPhase;
			buildActionMask = 2147483647;
			files = (
				983AF1EB891AD3D183A08642 /* ExampleView.swift in Sources */,
			);
			runOnlyForDeploymentPostprocessing = 0;
		};
		CAD55BD39DD0DFEE6C4156C4 /* Sources */ = {
			isa = PBXSourcesBuildPhase;
			buildActionMask = 2147483647;
			files = (
				05B08E27E1A30B3888630F13 /* AllProductsAssembly.swift in Sources */,
				7D4F73942F1167F114B5A240 /* AllProductsScreenFactory.swift in Sources */,
				DB2BF4FD6F6C62751822AE98 /* AllProductsScreenView.swift in Sources */,
				EF36EA4F5A6C029C95A8D27B /* AllProductsScreenViewOutput.swift in Sources */,
				EF4EC4F10438D6839C17B4C7 /* AllProductsScreenViewState.swift in Sources */,
				AC34B7EE100D37443086215B /* AllProductsScreenOutput.swift in Sources */,
				7F45663632515C16C42793F4 /* AllProductsScreenViewModel.swift in Sources */,
				8734D3044EF7FEAE13415598 /* MainAssembly.swift in Sources */,
				BD655B1BA9F535408051B6CA /* MainCoordinator+MainScreenOutput.swift in Sources */,
				4A18632D1C2F2BDE098AFD9A /* MainCoordinator.swift in Sources */,
				F22E4E0A16FE3172C404317A /* MainScreenAssembly.swift in Sources */,
				0D790CFD397FC0AF0467E981 /* AnyMainScreenFactory.swift in Sources */,
				7C95B49DEC02514424C4DA72 /* MainScreenFactory.swift in Sources */,
				488567EBA915988E016DC28E /* MainScreenNetworkClient.swift in Sources */,
				B38D5B68C2877E7A029F4EE4 /* MainScreenView+Subviews.swift in Sources */,
				4563FEB193ABE50EAFE25D9F /* MainScreenView.swift in Sources */,
				D8DFFD0D9F53E6AAF67FF7E4 /* MainScreenViewOutput.swift in Sources */,
				03E4CE732B88D8BA02867F88 /* MainScreenViewState.swift in Sources */,
				68EC90E9BE3A04A8A3BA51D9 /* MainScreenOutput.swift in Sources */,
				C26F8CDC44B5660ED1E193A1 /* MainScreenViewModel.swift in Sources */,
			);
			runOnlyForDeploymentPostprocessing = 0;
		};
/* End PBXSourcesBuildPhase section */

/* Begin PBXTargetDependency section */
		26C9A5E85C1148D755A40F96 /* PBXTargetDependency */ = {
			isa = PBXTargetDependency;
			name = Main;
			target = 10BC0BAF427BB570BB3E5632 /* Main */;
			targetProxy = DB6386443BA9A0945EFFB81F /* PBXContainerItemProxy */;
		};
		69BFF0405C436AB5C8F936CA /* PBXTargetDependency */ = {
			isa = PBXTargetDependency;
			name = MainInterface;
			target = CFEB8724F95B2B4C3AF92E16 /* MainInterface */;
			targetProxy = F25ABB5FDDDA32351F736D10 /* PBXContainerItemProxy */;
		};
		DC32CFC119CA38BC7FB324DD /* PBXTargetDependency */ = {
			isa = PBXTargetDependency;
			name = MainInterface;
			target = CFEB8724F95B2B4C3AF92E16 /* MainInterface */;
			targetProxy = ABBC65F11577D6DCE094E97B /* PBXContainerItemProxy */;
		};
/* End PBXTargetDependency section */

/* Begin XCBuildConfiguration section */
		0FDFD3C3E285D415367D27FB /* Debug */ = {
			isa = XCBuildConfiguration;
			buildSettings = {
				ASSETCATALOG_COMPILER_APPICON_NAME = AppIcon;
				ASSETCATALOG_COMPILER_GENERATE_ASSET_SYMBOLS = YES;
				ASSETCATALOG_COMPILER_GENERATE_ASSET_SYMBOL_EXTENSIONS = YES;
				ASSETCATALOG_COMPILER_GENERATE_SWIFT_ASSET_SYMBOL_EXTENSIONS = YES;
				CODE_SIGN_IDENTITY = "iPhone Developer";
				DEFINES_MODULE = NO;
				ENABLE_PREVIEWS = YES;
				ENABLE_USER_SCRIPT_SANDBOXING = YES;
				INFOPLIST_FILE = "Derived/InfoPlists/MainExample-Info.plist";
				IPHONEOS_DEPLOYMENT_TARGET = 16.0;
				LD_RUNPATH_SEARCH_PATHS = (
					"$(inherited)",
					"@executable_path/Frameworks",
				);
				PRODUCT_BUNDLE_IDENTIFIER = com.mightykingrichard.DeliveryApp.main.example;
				PRODUCT_NAME = MainExample;
				SDKROOT = iphoneos;
				SUPPORTS_MACCATALYST = NO;
				SUPPORTS_MAC_DESIGNED_FOR_IPHONE_IPAD = NO;
				SUPPORTS_XR_DESIGNED_FOR_IPHONE_IPAD = NO;
				SWIFT_ACTIVE_COMPILATION_CONDITIONS = (
					"$(inherited)",
					DEBUG,
				);
				SWIFT_COMPILATION_MODE = singlefile;
				SWIFT_OPTIMIZATION_LEVEL = "-Onone";
				SWIFT_VERSION = 6.0;
				TARGETED_DEVICE_FAMILY = 1;
			};
			name = Debug;
		};
		6D69FC0A00D83EFC81C1D741 /* Release */ = {
			isa = XCBuildConfiguration;
			buildSettings = {
				ASSETCATALOG_COMPILER_GENERATE_ASSET_SYMBOLS = YES;
				ASSETCATALOG_COMPILER_GENERATE_ASSET_SYMBOL_EXTENSIONS = YES;
				ASSETCATALOG_COMPILER_GENERATE_SWIFT_ASSET_SYMBOL_EXTENSIONS = YES;
				CODE_SIGN_IDENTITY = "";
				CURRENT_PROJECT_VERSION = 1;
				DEFINES_MODULE = NO;
				DYLIB_COMPATIBILITY_VERSION = 1;
				DYLIB_CURRENT_VERSION = 1;
				DYLIB_INSTALL_NAME_BASE = "@rpath";
				ENABLE_USER_SCRIPT_SANDBOXING = YES;
				INFOPLIST_FILE = "Derived/InfoPlists/MainInterface-Info.plist";
				INSTALL_PATH = "$(LOCAL_LIBRARY_DIR)/Frameworks";
				IPHONEOS_DEPLOYMENT_TARGET = 16.0;
				LD_RUNPATH_SEARCH_PATHS = (
					"$(inherited)",
					"@executable_path/Frameworks",
					"@loader_path/Frameworks",
				);
				MACH_O_TYPE = staticlib;
				PRODUCT_BUNDLE_IDENTIFIER = com.mightykingrichard.DeliveryApp.main.interface;
				PRODUCT_NAME = MainInterface;
				SDKROOT = iphoneos;
				SKIP_INSTALL = YES;
				SUPPORTS_MACCATALYST = NO;
				SUPPORTS_MAC_DESIGNED_FOR_IPHONE_IPAD = NO;
				SUPPORTS_XR_DESIGNED_FOR_IPHONE_IPAD = NO;
				SWIFT_COMPILATION_MODE = wholemodule;
				SWIFT_OPTIMIZATION_LEVEL = "-Owholemodule";
				SWIFT_VERSION = 6.0;
				TARGETED_DEVICE_FAMILY = 1;
				VERSIONING_SYSTEM = "apple-generic";
				VERSION_INFO_PREFIX = "";
			};
			name = Release;
		};
		70D0D605FA287B6E1D68E1DE /* Debug */ = {
			isa = XCBuildConfiguration;
			buildSettings = {
				ASSETCATALOG_COMPILER_GENERATE_ASSET_SYMBOLS = YES;
				ASSETCATALOG_COMPILER_GENERATE_ASSET_SYMBOL_EXTENSIONS = YES;
				ASSETCATALOG_COMPILER_GENERATE_SWIFT_ASSET_SYMBOL_EXTENSIONS = YES;
				CODE_SIGN_IDENTITY = "";
				CURRENT_PROJECT_VERSION = 1;
				DEFINES_MODULE = NO;
				DYLIB_COMPATIBILITY_VERSION = 1;
				DYLIB_CURRENT_VERSION = 1;
				DYLIB_INSTALL_NAME_BASE = "@rpath";
				ENABLE_USER_SCRIPT_SANDBOXING = YES;
				INFOPLIST_FILE = "Derived/InfoPlists/MainInterface-Info.plist";
				INSTALL_PATH = "$(LOCAL_LIBRARY_DIR)/Frameworks";
				IPHONEOS_DEPLOYMENT_TARGET = 16.0;
				LD_RUNPATH_SEARCH_PATHS = (
					"$(inherited)",
					"@executable_path/Frameworks",
					"@loader_path/Frameworks",
				);
				MACH_O_TYPE = staticlib;
				PRODUCT_BUNDLE_IDENTIFIER = com.mightykingrichard.DeliveryApp.main.interface;
				PRODUCT_NAME = MainInterface;
				SDKROOT = iphoneos;
				SKIP_INSTALL = YES;
				SUPPORTS_MACCATALYST = NO;
				SUPPORTS_MAC_DESIGNED_FOR_IPHONE_IPAD = NO;
				SUPPORTS_XR_DESIGNED_FOR_IPHONE_IPAD = NO;
				SWIFT_ACTIVE_COMPILATION_CONDITIONS = (
					"$(inherited)",
					DEBUG,
				);
				SWIFT_COMPILATION_MODE = singlefile;
				SWIFT_OPTIMIZATION_LEVEL = "-Onone";
				SWIFT_VERSION = 6.0;
				TARGETED_DEVICE_FAMILY = 1;
				VERSIONING_SYSTEM = "apple-generic";
				VERSION_INFO_PREFIX = "";
			};
			name = Debug;
		};
		7579D98B9DA01D64C7544AA3 /* Debug */ = {
			isa = XCBuildConfiguration;
			buildSettings = {
				ALWAYS_SEARCH_USER_PATHS = NO;
				ASSETCATALOG_COMPILER_GENERATE_ASSET_SYMBOLS = YES;
				ASSETCATALOG_COMPILER_GENERATE_ASSET_SYMBOL_EXTENSIONS = YES;
				ASSETCATALOG_COMPILER_GENERATE_SWIFT_ASSET_SYMBOL_EXTENSIONS = YES;
				CLANG_ANALYZER_LOCALIZABILITY_NONLOCALIZED = YES;
				CLANG_ANALYZER_NONNULL = YES;
				CLANG_ANALYZER_NUMBER_OBJECT_CONVERSION = YES_AGGRESSIVE;
				CLANG_CXX_LANGUAGE_STANDARD = "gnu++14";
				CLANG_CXX_LIBRARY = "libc++";
				CLANG_ENABLE_MODULES = YES;
				CLANG_ENABLE_OBJC_ARC = YES;
				CLANG_ENABLE_OBJC_WEAK = YES;
				CLANG_WARN_BLOCK_CAPTURE_AUTORELEASING = YES;
				CLANG_WARN_BOOL_CONVERSION = YES;
				CLANG_WARN_COMMA = YES;
				CLANG_WARN_CONSTANT_CONVERSION = YES;
				CLANG_WARN_DEPRECATED_OBJC_IMPLEMENTATIONS = YES;
				CLANG_WARN_DIRECT_OBJC_ISA_USAGE = YES_ERROR;
				CLANG_WARN_DOCUMENTATION_COMMENTS = YES;
				CLANG_WARN_EMPTY_BODY = YES;
				CLANG_WARN_ENUM_CONVERSION = YES;
				CLANG_WARN_INFINITE_RECURSION = YES;
				CLANG_WARN_INT_CONVERSION = YES;
				CLANG_WARN_NON_LITERAL_NULL_CONVERSION = YES;
				CLANG_WARN_OBJC_IMPLICIT_RETAIN_SELF = YES;
				CLANG_WARN_OBJC_LITERAL_CONVERSION = YES;
				CLANG_WARN_OBJC_ROOT_CLASS = YES_ERROR;
				CLANG_WARN_QUOTED_INCLUDE_IN_FRAMEWORK_HEADER = YES;
				CLANG_WARN_RANGE_LOOP_ANALYSIS = YES;
				CLANG_WARN_STRICT_PROTOTYPES = YES;
				CLANG_WARN_SUSPICIOUS_MOVE = YES;
				CLANG_WARN_UNGUARDED_AVAILABILITY = YES_AGGRESSIVE;
				CLANG_WARN_UNREACHABLE_CODE = YES;
				CLANG_WARN__DUPLICATE_METHOD_MATCH = YES;
				COPY_PHASE_STRIP = NO;
				DEAD_CODE_STRIPPING = YES;
				DEBUG_INFORMATION_FORMAT = dwarf;
				DEFINES_MODULE = NO;
				ENABLE_STRICT_OBJC_MSGSEND = YES;
				ENABLE_TESTABILITY = YES;
				ENABLE_USER_SCRIPT_SANDBOXING = YES;
				GCC_C_LANGUAGE_STANDARD = gnu11;
				GCC_DYNAMIC_NO_PIC = NO;
				GCC_NO_COMMON_BLOCKS = YES;
				GCC_OPTIMIZATION_LEVEL = 0;
				GCC_PREPROCESSOR_DEFINITIONS = (
					"DEBUG=1",
					"$(inherited)",
				);
				GCC_WARN_64_TO_32_BIT_CONVERSION = YES;
				GCC_WARN_ABOUT_RETURN_TYPE = YES_ERROR;
				GCC_WARN_UNDECLARED_SELECTOR = YES;
				GCC_WARN_UNINITIALIZED_AUTOS = YES_AGGRESSIVE;
				GCC_WARN_UNUSED_FUNCTION = YES;
				GCC_WARN_UNUSED_VARIABLE = YES;
				MTL_ENABLE_DEBUG_INFO = YES;
				ONLY_ACTIVE_ARCH = YES;
				PRODUCT_NAME = "$(TARGET_NAME)";
				SWIFT_VERSION = 6.0;
			};
			name = Debug;
		};
		9152A9A6E004C038F50C0182 /* Release */ = {
			isa = XCBuildConfiguration;
			buildSettings = {
				ASSETCATALOG_COMPILER_GENERATE_ASSET_SYMBOLS = YES;
				ASSETCATALOG_COMPILER_GENERATE_ASSET_SYMBOL_EXTENSIONS = YES;
				ASSETCATALOG_COMPILER_GENERATE_SWIFT_ASSET_SYMBOL_EXTENSIONS = YES;
				CODE_SIGN_IDENTITY = "";
				CURRENT_PROJECT_VERSION = 1;
				DEFINES_MODULE = NO;
				DYLIB_COMPATIBILITY_VERSION = 1;
				DYLIB_CURRENT_VERSION = 1;
				DYLIB_INSTALL_NAME_BASE = "@rpath";
				ENABLE_USER_SCRIPT_SANDBOXING = YES;
				INFOPLIST_FILE = "Derived/InfoPlists/Main-Info.plist";
				INSTALL_PATH = "$(LOCAL_LIBRARY_DIR)/Frameworks";
				IPHONEOS_DEPLOYMENT_TARGET = 16.0;
				LD_RUNPATH_SEARCH_PATHS = (
					"$(inherited)",
					"@executable_path/Frameworks",
					"@loader_path/Frameworks",
				);
				MACH_O_TYPE = staticlib;
				PRODUCT_BUNDLE_IDENTIFIER = com.mightykingrichard.DeliveryApp.main;
				PRODUCT_NAME = Main;
				SDKROOT = iphoneos;
				SKIP_INSTALL = YES;
				SUPPORTS_MACCATALYST = NO;
				SUPPORTS_MAC_DESIGNED_FOR_IPHONE_IPAD = NO;
				SUPPORTS_XR_DESIGNED_FOR_IPHONE_IPAD = NO;
				SWIFT_COMPILATION_MODE = wholemodule;
				SWIFT_OPTIMIZATION_LEVEL = "-Owholemodule";
				SWIFT_VERSION = 6.0;
				TARGETED_DEVICE_FAMILY = 1;
				VERSIONING_SYSTEM = "apple-generic";
				VERSION_INFO_PREFIX = "";
			};
			name = Release;
		};
		C36D84C372A6DF422170C39A /* Debug */ = {
			isa = XCBuildConfiguration;
			buildSettings = {
				ASSETCATALOG_COMPILER_GENERATE_ASSET_SYMBOLS = YES;
				ASSETCATALOG_COMPILER_GENERATE_ASSET_SYMBOL_EXTENSIONS = YES;
				ASSETCATALOG_COMPILER_GENERATE_SWIFT_ASSET_SYMBOL_EXTENSIONS = YES;
				CODE_SIGN_IDENTITY = "";
				CURRENT_PROJECT_VERSION = 1;
				DEFINES_MODULE = NO;
				DYLIB_COMPATIBILITY_VERSION = 1;
				DYLIB_CURRENT_VERSION = 1;
				DYLIB_INSTALL_NAME_BASE = "@rpath";
				ENABLE_USER_SCRIPT_SANDBOXING = YES;
				INFOPLIST_FILE = "Derived/InfoPlists/Main-Info.plist";
				INSTALL_PATH = "$(LOCAL_LIBRARY_DIR)/Frameworks";
				IPHONEOS_DEPLOYMENT_TARGET = 16.0;
				LD_RUNPATH_SEARCH_PATHS = (
					"$(inherited)",
					"@executable_path/Frameworks",
					"@loader_path/Frameworks",
				);
				MACH_O_TYPE = staticlib;
				PRODUCT_BUNDLE_IDENTIFIER = com.mightykingrichard.DeliveryApp.main;
				PRODUCT_NAME = Main;
				SDKROOT = iphoneos;
				SKIP_INSTALL = YES;
				SUPPORTS_MACCATALYST = NO;
				SUPPORTS_MAC_DESIGNED_FOR_IPHONE_IPAD = NO;
				SUPPORTS_XR_DESIGNED_FOR_IPHONE_IPAD = NO;
				SWIFT_ACTIVE_COMPILATION_CONDITIONS = (
					"$(inherited)",
					DEBUG,
				);
				SWIFT_COMPILATION_MODE = singlefile;
				SWIFT_OPTIMIZATION_LEVEL = "-Onone";
				SWIFT_VERSION = 6.0;
				TARGETED_DEVICE_FAMILY = 1;
				VERSIONING_SYSTEM = "apple-generic";
				VERSION_INFO_PREFIX = "";
			};
			name = Debug;
		};
		C70B5ADD808A8E6225B93543 /* Release */ = {
			isa = XCBuildConfiguration;
			buildSettings = {
				ALWAYS_SEARCH_USER_PATHS = NO;
				ASSETCATALOG_COMPILER_GENERATE_ASSET_SYMBOLS = YES;
				ASSETCATALOG_COMPILER_GENERATE_ASSET_SYMBOL_EXTENSIONS = YES;
				ASSETCATALOG_COMPILER_GENERATE_SWIFT_ASSET_SYMBOL_EXTENSIONS = YES;
				CLANG_ANALYZER_LOCALIZABILITY_NONLOCALIZED = YES;
				CLANG_ANALYZER_NONNULL = YES;
				CLANG_ANALYZER_NUMBER_OBJECT_CONVERSION = YES_AGGRESSIVE;
				CLANG_CXX_LANGUAGE_STANDARD = "gnu++14";
				CLANG_CXX_LIBRARY = "libc++";
				CLANG_ENABLE_MODULES = YES;
				CLANG_ENABLE_OBJC_ARC = YES;
				CLANG_ENABLE_OBJC_WEAK = YES;
				CLANG_WARN_BLOCK_CAPTURE_AUTORELEASING = YES;
				CLANG_WARN_BOOL_CONVERSION = YES;
				CLANG_WARN_COMMA = YES;
				CLANG_WARN_CONSTANT_CONVERSION = YES;
				CLANG_WARN_DEPRECATED_OBJC_IMPLEMENTATIONS = YES;
				CLANG_WARN_DIRECT_OBJC_ISA_USAGE = YES_ERROR;
				CLANG_WARN_DOCUMENTATION_COMMENTS = YES;
				CLANG_WARN_EMPTY_BODY = YES;
				CLANG_WARN_ENUM_CONVERSION = YES;
				CLANG_WARN_INFINITE_RECURSION = YES;
				CLANG_WARN_INT_CONVERSION = YES;
				CLANG_WARN_NON_LITERAL_NULL_CONVERSION = YES;
				CLANG_WARN_OBJC_IMPLICIT_RETAIN_SELF = YES;
				CLANG_WARN_OBJC_LITERAL_CONVERSION = YES;
				CLANG_WARN_OBJC_ROOT_CLASS = YES_ERROR;
				CLANG_WARN_QUOTED_INCLUDE_IN_FRAMEWORK_HEADER = YES;
				CLANG_WARN_RANGE_LOOP_ANALYSIS = YES;
				CLANG_WARN_STRICT_PROTOTYPES = YES;
				CLANG_WARN_SUSPICIOUS_MOVE = YES;
				CLANG_WARN_UNGUARDED_AVAILABILITY = YES_AGGRESSIVE;
				CLANG_WARN_UNREACHABLE_CODE = YES;
				CLANG_WARN__DUPLICATE_METHOD_MATCH = YES;
				COPY_PHASE_STRIP = NO;
				DEAD_CODE_STRIPPING = YES;
				DEBUG_INFORMATION_FORMAT = "dwarf-with-dsym";
				DEFINES_MODULE = NO;
				ENABLE_NS_ASSERTIONS = NO;
				ENABLE_STRICT_OBJC_MSGSEND = YES;
				ENABLE_USER_SCRIPT_SANDBOXING = YES;
				GCC_C_LANGUAGE_STANDARD = gnu11;
				GCC_NO_COMMON_BLOCKS = YES;
				GCC_WARN_64_TO_32_BIT_CONVERSION = YES;
				GCC_WARN_ABOUT_RETURN_TYPE = YES_ERROR;
				GCC_WARN_UNDECLARED_SELECTOR = YES;
				GCC_WARN_UNINITIALIZED_AUTOS = YES_AGGRESSIVE;
				GCC_WARN_UNUSED_FUNCTION = YES;
				GCC_WARN_UNUSED_VARIABLE = YES;
				MTL_ENABLE_DEBUG_INFO = NO;
				PRODUCT_NAME = "$(TARGET_NAME)";
				SWIFT_VERSION = 6.0;
				VALIDATE_PRODUCT = YES;
			};
			name = Release;
		};
		D68275839D9CD25CCAF4B981 /* Release */ = {
			isa = XCBuildConfiguration;
			buildSettings = {
				ASSETCATALOG_COMPILER_APPICON_NAME = AppIcon;
				ASSETCATALOG_COMPILER_GENERATE_ASSET_SYMBOLS = YES;
				ASSETCATALOG_COMPILER_GENERATE_ASSET_SYMBOL_EXTENSIONS = YES;
				ASSETCATALOG_COMPILER_GENERATE_SWIFT_ASSET_SYMBOL_EXTENSIONS = YES;
				CODE_SIGN_IDENTITY = "iPhone Developer";
				DEFINES_MODULE = NO;
				ENABLE_PREVIEWS = YES;
				ENABLE_USER_SCRIPT_SANDBOXING = YES;
				INFOPLIST_FILE = "Derived/InfoPlists/MainExample-Info.plist";
				IPHONEOS_DEPLOYMENT_TARGET = 16.0;
				LD_RUNPATH_SEARCH_PATHS = (
					"$(inherited)",
					"@executable_path/Frameworks",
				);
				PRODUCT_BUNDLE_IDENTIFIER = com.mightykingrichard.DeliveryApp.main.example;
				PRODUCT_NAME = MainExample;
				SDKROOT = iphoneos;
				SUPPORTS_MACCATALYST = NO;
				SUPPORTS_MAC_DESIGNED_FOR_IPHONE_IPAD = NO;
				SUPPORTS_XR_DESIGNED_FOR_IPHONE_IPAD = NO;
				SWIFT_COMPILATION_MODE = wholemodule;
				SWIFT_OPTIMIZATION_LEVEL = "-Owholemodule";
				SWIFT_VERSION = 6.0;
				TARGETED_DEVICE_FAMILY = 1;
			};
			name = Release;
		};
/* End XCBuildConfiguration section */

/* Begin XCConfigurationList section */
		15A0F45942E7F85D3BB3A1BB /* Build configuration list for PBXProject "Main" */ = {
			isa = XCConfigurationList;
			buildConfigurations = (
				7579D98B9DA01D64C7544AA3 /* Debug */,
				C70B5ADD808A8E6225B93543 /* Release */,
			);
			defaultConfigurationIsVisible = 0;
			defaultConfigurationName = Release;
		};
		2A9F7ADA92C4387083695585 /* Build configuration list for PBXNativeTarget "MainExample" */ = {
			isa = XCConfigurationList;
			buildConfigurations = (
				0FDFD3C3E285D415367D27FB /* Debug */,
				D68275839D9CD25CCAF4B981 /* Release */,
			);
			defaultConfigurationIsVisible = 0;
			defaultConfigurationName = Release;
		};
		2E406759F281EF42479D8764 /* Build configuration list for PBXNativeTarget "Main" */ = {
			isa = XCConfigurationList;
			buildConfigurations = (
				C36D84C372A6DF422170C39A /* Debug */,
				9152A9A6E004C038F50C0182 /* Release */,
			);
			defaultConfigurationIsVisible = 0;
			defaultConfigurationName = Release;
		};
		747F15BF5125C839A75B9753 /* Build configuration list for PBXNativeTarget "MainInterface" */ = {
			isa = XCConfigurationList;
			buildConfigurations = (
				70D0D605FA287B6E1D68E1DE /* Debug */,
				6D69FC0A00D83EFC81C1D741 /* Release */,
			);
			defaultConfigurationIsVisible = 0;
			defaultConfigurationName = Release;
		};
/* End XCConfigurationList section */
	};
	rootObject = 5300FD596037B591474BD4C2 /* Project object */;
}
